
Microsoft Visual Studio Solution File, Format Version 12.00
# Visual Studio Version 16
VisualStudioVersion = 16.0.29509.3
MinimumVisualStudioVersion = 10.0.40219.1
Project("{9A19103F-16F7-4668-BE54-9A1E7A4F7556}") = "ProcessManagementCenter", "ProcessManagementCenter\ProcessManagementCenter.csproj", "{24D69AAB-7092-439C-9FFB-2C351F25E488}"
EndProject
Project("{2150E333-8FDC-42A3-9474-1A3956D46DE8}") = "Services", "Services", "{008BDBC8-FC9C-401C-91EC-6D329D0CD7EE}"
EndProject
Project("{9A19103F-16F7-4668-BE54-9A1E7A4F7556}") = "Notifications", "Notifications\Notifications.csproj", "{C85DECBD-B6FB-4077-812B-35653D540758}"
EndProject
Project("{E53339B2-1760-4266-BCC7-CA923CBCF16C}") = "docker-compose", "docker-compose.dcproj", "{515489CD-E5EE-44E8-BCAE-BDF7153B2B11}"
EndProject
Global
	GlobalSection(SolutionConfigurationPlatforms) = preSolution
		Debug|Any CPU = Debug|Any CPU
		Release|Any CPU = Release|Any CPU
	EndGlobalSection
	GlobalSection(ProjectConfigurationPlatforms) = postSolution
		{24D69AAB-7092-439C-9FFB-2C351F25E488}.Debug|Any CPU.ActiveCfg = Debug|Any CPU
		{24D69AAB-7092-439C-9FFB-2C351F25E488}.Debug|Any CPU.Build.0 = Debug|Any CPU
		{24D69AAB-7092-439C-9FFB-2C351F25E488}.Release|Any CPU.ActiveCfg = Release|Any CPU
		{24D69AAB-7092-439C-9FFB-2C351F25E488}.Release|Any CPU.Build.0 = Release|Any CPU
		{C85DECBD-B6FB-4077-812B-35653D540758}.Debug|Any CPU.ActiveCfg = Debug|Any CPU
		{C85DECBD-B6FB-4077-812B-35653D540758}.Debug|Any CPU.Build.0 = Debug|Any CPU
		{C85DECBD-B6FB-4077-812B-35653D540758}.Release|Any CPU.ActiveCfg = Release|Any CPU
		{C85DECBD-B6FB-4077-812B-35653D540758}.Release|Any CPU.Build.0 = Release|Any CPU
		{515489CD-E5EE-44E8-BCAE-BDF7153B2B11}.Debug|Any CPU.ActiveCfg = Debug|Any CPU
		{515489CD-E5EE-44E8-BCAE-BDF7153B2B11}.Debug|Any CPU.Build.0 = Debug|Any CPU
		{515489CD-E5EE-44E8-BCAE-BDF7153B2B11}.Release|Any CPU.ActiveCfg = Release|Any CPU
		{515489CD-E5EE-44E8-BCAE-BDF7153B2B11}.Release|Any CPU.Build.0 = Release|Any CPU
	EndGlobalSection
	GlobalSection(SolutionProperties) = preSolution
		HideSolutionNode = FALSE
	EndGlobalSection
	GlobalSection(NestedProjects) = preSolution
		{C85DECBD-B6FB-4077-812B-35653D540758} = {008BDBC8-FC9C-401C-91EC-6D329D0CD7EE}
	EndGlobalSection
	GlobalSection(ExtensibilityGlobals) = postSolution
		SolutionGuid = {C68C686E-D0A2-4369-B6CA-720EDCD05998}
	EndGlobalSection
EndGlobal
